// !$*UTF8*$!
{
	archiveVersion = 1;
	classes = {
	};
	objectVersion = 55;
	objects = {

/* Begin PBXBuildFile section */
		7CB7601C27068D9E006560BB /* AppDelegate.swift in Sources */ = {isa = PBXBuildFile; fileRef = 7CB7601B27068D9E006560BB /* AppDelegate.swift */; };
		7CB7601E27068D9E006560BB /* SceneDelegate.swift in Sources */ = {isa = PBXBuildFile; fileRef = 7CB7601D27068D9E006560BB /* SceneDelegate.swift */; };
		7CB7602027068D9E006560BB /* ViewController.swift in Sources */ = {isa = PBXBuildFile; fileRef = 7CB7601F27068D9E006560BB /* ViewController.swift */; };
		7CB7602327068D9E006560BB /* Main.storyboard in Resources */ = {isa = PBXBuildFile; fileRef = 7CB7602127068D9E006560BB /* Main.storyboard */; };
		7CB7602527068DA1006560BB /* Assets.xcassets in Resources */ = {isa = PBXBuildFile; fileRef = 7CB7602427068DA1006560BB /* Assets.xcassets */; };
		7CB7602827068DA1006560BB /* LaunchScreen.storyboard in Resources */ = {isa = PBXBuildFile; fileRef = 7CB7602627068DA1006560BB /* LaunchScreen.storyboard */; };
		7CB7603327068DA1006560BB /* App_WorldCupTests.swift in Sources */ = {isa = PBXBuildFile; fileRef = 7CB7603227068DA1006560BB /* App_WorldCupTests.swift */; };
		7CB7603D27068DA1006560BB /* App_WorldCupUITests.swift in Sources */ = {isa = PBXBuildFile; fileRef = 7CB7603C27068DA1006560BB /* App_WorldCupUITests.swift */; };
		7CB7603F27068DA1006560BB /* App_WorldCupUITestsLaunchTests.swift in Sources */ = {isa = PBXBuildFile; fileRef = 7CB7603E27068DA1006560BB /* App_WorldCupUITestsLaunchTests.swift */; };
/* End PBXBuildFile section */

/* Begin PBXContainerItemProxy section */
		7CB7602F27068DA1006560BB /* PBXContainerItemProxy */ = {
			isa = PBXContainerItemProxy;
			containerPortal = 7CB7601027068D9E006560BB /* Project object */;
			proxyType = 1;
			remoteGlobalIDString = 7CB7601727068D9E006560BB;
			remoteInfo = App_WorldCup;
		};
		7CB7603927068DA1006560BB /* PBXContainerItemProxy */ = {
			isa = PBXContainerItemProxy;
			containerPortal = 7CB7601027068D9E006560BB /* Project object */;
			proxyType = 1;
			remoteGlobalIDString = 7CB7601727068D9E006560BB;
			remoteInfo = App_WorldCup;
		};
/* End PBXContainerItemProxy section */

/* Begin PBXFileReference section */
		7CB7601827068D9E006560BB /* App_WorldCup.app */ = {isa = PBXFileReference; explicitFileType = wrapper.application; includeInIndex = 0; path = App_WorldCup.app; sourceTree = BUILT_PRODUCTS_DIR; };
		7CB7601B27068D9E006560BB /* AppDelegate.swift */ = {isa = PBXFileReference; lastKnownFileType = sourcecode.swift; path = AppDelegate.swift; sourceTree = "<group>"; };
		7CB7601D27068D9E006560BB /* SceneDelegate.swift */ = {isa = PBXFileReference; lastKnownFileType = sourcecode.swift; path = SceneDelegate.swift; sourceTree = "<group>"; };
		7CB7601F27068D9E006560BB /* ViewController.swift */ = {isa = PBXFileReference; lastKnownFileType = sourcecode.swift; path = ViewController.swift; sourceTree = "<group>"; };
		7CB7602227068D9E006560BB /* Base */ = {isa = PBXFileReference; lastKnownFileType = file.storyboard; name = Base; path = Base.lproj/Main.storyboard; sourceTree = "<group>"; };
		7CB7602427068DA1006560BB /* Assets.xcassets */ = {isa = PBXFileReference; lastKnownFileType = folder.assetcatalog; path = Assets.xcassets; sourceTree = "<group>"; };
		7CB7602727068DA1006560BB /* Base */ = {isa = PBXFileReference; lastKnownFileType = file.storyboard; name = Base; path = Base.lproj/LaunchScreen.storyboard; sourceTree = "<group>"; };
		7CB7602927068DA1006560BB /* Info.plist */ = {isa = PBXFileReference; lastKnownFileType = text.plist.xml; path = Info.plist; sourceTree = "<group>"; };
		7CB7602E27068DA1006560BB /* App_WorldCupTests.xctest */ = {isa = PBXFileReference; explicitFileType = wrapper.cfbundle; includeInIndex = 0; path = App_WorldCupTests.xctest; sourceTree = BUILT_PRODUCTS_DIR; };
		7CB7603227068DA1006560BB /* App_WorldCupTests.swift */ = {isa = PBXFileReference; lastKnownFileType = sourcecode.swift; path = App_WorldCupTests.swift; sourceTree = "<group>"; };
		7CB7603827068DA1006560BB /* App_WorldCupUITests.xctest */ = {isa = PBXFileReference; explicitFileType = wrapper.cfbundle; includeInIndex = 0; path = App_WorldCupUITests.xctest; sourceTree = BUILT_PRODUCTS_DIR; };
		7CB7603C27068DA1006560BB /* App_WorldCupUITests.swift */ = {isa = PBXFileReference; lastKnownFileType = sourcecode.swift; path = App_WorldCupUITests.swift; sourceTree = "<group>"; };
		7CB7603E27068DA1006560BB /* App_WorldCupUITestsLaunchTests.swift */ = {isa = PBXFileReference; lastKnownFileType = sourcecode.swift; path = App_WorldCupUITestsLaunchTests.swift; sourceTree = "<group>"; };
/* End PBXFileReference section */

/* Begin PBXFrameworksBuildPhase section */
		7CB7601527068D9E006560BB /* Frameworks */ = {
			isa = PBXFrameworksBuildPhase;
			buildActionMask = 2147483647;
			files = (
			);
			runOnlyForDeploymentPostprocessing = 0;
		};
		7CB7602B27068DA1006560BB /* Frameworks */ = {
			isa = PBXFrameworksBuildPhase;
			buildActionMask = 2147483647;
			files = (
			);
			runOnlyForDeploymentPostprocessing = 0;
		};
		7CB7603527068DA1006560BB /* Frameworks */ = {
			isa = PBXFrameworksBuildPhase;
			buildActionMask = 2147483647;
			files = (
			);
			runOnlyForDeploymentPostprocessing = 0;
		};
/* End PBXFrameworksBuildPhase section */

/* Begin PBXGroup section */
		7CB7600F27068D9E006560BB = {
			isa = PBXGroup;
			children = (
				7CB7601A27068D9E006560BB /* App_WorldCup */,
				7CB7603127068DA1006560BB /* App_WorldCupTests */,
				7CB7603B27068DA1006560BB /* App_WorldCupUITests */,
				7CB7601927068D9E006560BB /* Products */,
			);
			sourceTree = "<group>";
		};
		7CB7601927068D9E006560BB /* Products */ = {
			isa = PBXGroup;
			children = (
				7CB7601827068D9E006560BB /* App_WorldCup.app */,
				7CB7602E27068DA1006560BB /* App_WorldCupTests.xctest */,
				7CB7603827068DA1006560BB /* App_WorldCupUITests.xctest */,
			);
			name = Products;
			sourceTree = "<group>";
		};
		7CB7601A27068D9E006560BB /* App_WorldCup */ = {
			isa = PBXGroup;
			children = (
				7CB7601B27068D9E006560BB /* AppDelegate.swift */,
				7CB7601D27068D9E006560BB /* SceneDelegate.swift */,
				7CB7601F27068D9E006560BB /* ViewController.swift */,
				7CB7602127068D9E006560BB /* Main.storyboard */,
				7CB7602427068DA1006560BB /* Assets.xcassets */,
				7CB7602627068DA1006560BB /* LaunchScreen.storyboard */,
				7CB7602927068DA1006560BB /* Info.plist */,
			);
			path = App_WorldCup;
			sourceTree = "<group>";
		};
		7CB7603127068DA1006560BB /* App_WorldCupTests */ = {
			isa = PBXGroup;
			children = (
				7CB7603227068DA1006560BB /* App_WorldCupTests.swift */,
			);
			path = App_WorldCupTests;
			sourceTree = "<group>";
		};
		7CB7603B27068DA1006560BB /* App_WorldCupUITests */ = {
			isa = PBXGroup;
			children = (
				7CB7603C27068DA1006560BB /* App_WorldCupUITests.swift */,
				7CB7603E27068DA1006560BB /* App_WorldCupUITestsLaunchTests.swift */,
			);
			path = App_WorldCupUITests;
			sourceTree = "<group>";
		};
/* End PBXGroup section */

/* Begin PBXNativeTarget section */
		7CB7601727068D9E006560BB /* App_WorldCup */ = {
			isa = PBXNativeTarget;
			buildConfigurationList = 7CB7604227068DA1006560BB /* Build configuration list for PBXNativeTarget "App_WorldCup" */;
			buildPhases = (
				7CB7601427068D9E006560BB /* Sources */,
				7CB7601527068D9E006560BB /* Frameworks */,
				7CB7601627068D9E006560BB /* Resources */,
			);
			buildRules = (
			);
			dependencies = (
			);
			name = App_WorldCup;
			productName = App_WorldCup;
			productReference = 7CB7601827068D9E006560BB /* App_WorldCup.app */;
			productType = "com.apple.product-type.application";
		};
		7CB7602D27068DA1006560BB /* App_WorldCupTests */ = {
			isa = PBXNativeTarget;
			buildConfigurationList = 7CB7604527068DA1006560BB /* Build configuration list for PBXNativeTarget "App_WorldCupTests" */;
			buildPhases = (
				7CB7602A27068DA1006560BB /* Sources */,
				7CB7602B27068DA1006560BB /* Frameworks */,
				7CB7602C27068DA1006560BB /* Resources */,
			);
			buildRules = (
			);
			dependencies = (
				7CB7603027068DA1006560BB /* PBXTargetDependency */,
			);
			name = App_WorldCupTests;
			productName = App_WorldCupTests;
			productReference = 7CB7602E27068DA1006560BB /* App_WorldCupTests.xctest */;
			productType = "com.apple.product-type.bundle.unit-test";
		};
		7CB7603727068DA1006560BB /* App_WorldCupUITests */ = {
			isa = PBXNativeTarget;
			buildConfigurationList = 7CB7604827068DA1006560BB /* Build configuration list for PBXNativeTarget "App_WorldCupUITests" */;
			buildPhases = (
				7CB7603427068DA1006560BB /* Sources */,
				7CB7603527068DA1006560BB /* Frameworks */,
				7CB7603627068DA1006560BB /* Resources */,
			);
			buildRules = (
			);
			dependencies = (
				7CB7603A27068DA1006560BB /* PBXTargetDependency */,
			);
			name = App_WorldCupUITests;
			productName = App_WorldCupUITests;
			productReference = 7CB7603827068DA1006560BB /* App_WorldCupUITests.xctest */;
			productType = "com.apple.product-type.bundle.ui-testing";
		};
/* End PBXNativeTarget section */

/* Begin PBXProject section */
		7CB7601027068D9E006560BB /* Project object */ = {
			isa = PBXProject;
			attributes = {
				BuildIndependentTargetsInParallel = 1;
				LastSwiftUpdateCheck = 1300;
				LastUpgradeCheck = 1300;
				TargetAttributes = {
					7CB7601727068D9E006560BB = {
						CreatedOnToolsVersion = 13.0;
					};
					7CB7602D27068DA1006560BB = {
						CreatedOnToolsVersion = 13.0;
						TestTargetID = 7CB7601727068D9E006560BB;
					};
					7CB7603727068DA1006560BB = {
						CreatedOnToolsVersion = 13.0;
						TestTargetID = 7CB7601727068D9E006560BB;
					};
				};
			};
			buildConfigurationList = 7CB7601327068D9E006560BB /* Build configuration list for PBXProject "App_WorldCup" */;
			compatibilityVersion = "Xcode 13.0";
			developmentRegion = en;
			hasScannedForEncodings = 0;
			knownRegions = (
				en,
				Base,
			);
			mainGroup = 7CB7600F27068D9E006560BB;
			productRefGroup = 7CB7601927068D9E006560BB /* Products */;
			projectDirPath = "";
			projectRoot = "";
			targets = (
				7CB7601727068D9E006560BB /* App_WorldCup */,
				7CB7602D27068DA1006560BB /* App_WorldCupTests */,
				7CB7603727068DA1006560BB /* App_WorldCupUITests */,
			);
		};
/* End PBXProject section */

/* Begin PBXResourcesBuildPhase section */
		7CB7601627068D9E006560BB /* Resources */ = {
			isa = PBXResourcesBuildPhase;
			buildActionMask = 2147483647;
			files = (
				7CB7602827068DA1006560BB /* LaunchScreen.storyboard in Resources */,
				7CB7602527068DA1006560BB /* Assets.xcassets in Resources */,
				7CB7602327068D9E006560BB /* Main.storyboard in Resources */,
			);
			runOnlyForDeploymentPostprocessing = 0;
		};
		7CB7602C27068DA1006560BB /* Resources */ = {
			isa = PBXResourcesBuildPhase;
			buildActionMask = 2147483647;
			files = (
			);
			runOnlyForDeploymentPostprocessing = 0;
		};
		7CB7603627068DA1006560BB /* Resources */ = {
			isa = PBXResourcesBuildPhase;
			buildActionMask = 2147483647;
			files = (
			);
			runOnlyForDeploymentPostprocessing = 0;
		};
/* End PBXResourcesBuildPhase section */

/* Begin PBXSourcesBuildPhase section */
		7CB7601427068D9E006560BB /* Sources */ = {
			isa = PBXSourcesBuildPhase;
			buildActionMask = 2147483647;
			files = (
				7CB7602027068D9E006560BB /* ViewController.swift in Sources */,
				7CB7601C27068D9E006560BB /* AppDelegate.swift in Sources */,
				7CB7601E27068D9E006560BB /* SceneDelegate.swift in Sources */,
			);
			runOnlyForDeploymentPostprocessing = 0;
		};
		7CB7602A27068DA1006560BB /* Sources */ = {
			isa = PBXSourcesBuildPhase;
			buildActionMask = 2147483647;
			files = (
				7CB7603327068DA1006560BB /* App_WorldCupTests.swift in Sources */,
			);
			runOnlyForDeploymentPostprocessing = 0;
		};
		7CB7603427068DA1006560BB /* Sources */ = {
			isa = PBXSourcesBuildPhase;
			buildActionMask = 2147483647;
			files = (
				7CB7603F27068DA1006560BB /* App_WorldCupUITestsLaunchTests.swift in Sources */,
				7CB7603D27068DA1006560BB /* App_WorldCupUITests.swift in Sources */,
			);
			runOnlyForDeploymentPostprocessing = 0;
		};
/* End PBXSourcesBuildPhase section */

/* Begin PBXTargetDependency section */
		7CB7603027068DA1006560BB /* PBXTargetDependency */ = {
			isa = PBXTargetDependency;
			target = 7CB7601727068D9E006560BB /* App_WorldCup */;
			targetProxy = 7CB7602F27068DA1006560BB /* PBXContainerItemProxy */;
		};
		7CB7603A27068DA1006560BB /* PBXTargetDependency */ = {
			isa = PBXTargetDependency;
			target = 7CB7601727068D9E006560BB /* App_WorldCup */;
			targetProxy = 7CB7603927068DA1006560BB /* PBXContainerItemProxy */;
		};
/* End PBXTargetDependency section */

/* Begin PBXVariantGroup section */
		7CB7602127068D9E006560BB /* Main.storyboard */ = {
			isa = PBXVariantGroup;
			children = (
				7CB7602227068D9E006560BB /* Base */,
			);
			name = Main.storyboard;
			sourceTree = "<group>";
		};
		7CB7602627068DA1006560BB /* LaunchScreen.storyboard */ = {
			isa = PBXVariantGroup;
			children = (
				7CB7602727068DA1006560BB /* Base */,
			);
			name = LaunchScreen.storyboard;
			sourceTree = "<group>";
		};
/* End PBXVariantGroup section */

/* Begin XCBuildConfiguration section */
		7CB7604027068DA1006560BB /* Debug */ = {
			isa = XCBuildConfiguration;
			buildSettings = {
				ALWAYS_SEARCH_USER_PATHS = NO;
				CLANG_ANALYZER_NONNULL = YES;
				CLANG_ANALYZER_NUMBER_OBJECT_CONVERSION = YES_AGGRESSIVE;
				CLANG_CXX_LANGUAGE_STANDARD = "gnu++17";
				CLANG_CXX_LIBRARY = "libc++";
				CLANG_ENABLE_MODULES = YES;
				CLANG_ENABLE_OBJC_ARC = YES;
				CLANG_ENABLE_OBJC_WEAK = YES;
				CLANG_WARN_BLOCK_CAPTURE_AUTORELEASING = YES;
				CLANG_WARN_BOOL_CONVERSION = YES;
				CLANG_WARN_COMMA = YES;
				CLANG_WARN_CONSTANT_CONVERSION = YES;
				CLANG_WARN_DEPRECATED_OBJC_IMPLEMENTATIONS = YES;
				CLANG_WARN_DIRECT_OBJC_ISA_USAGE = YES_ERROR;
				CLANG_WARN_DOCUMENTATION_COMMENTS = YES;
				CLANG_WARN_EMPTY_BODY = YES;
				CLANG_WARN_ENUM_CONVERSION = YES;
				CLANG_WARN_INFINITE_RECURSION = YES;
				CLANG_WARN_INT_CONVERSION = YES;
				CLANG_WARN_NON_LITERAL_NULL_CONVERSION = YES;
				CLANG_WARN_OBJC_IMPLICIT_RETAIN_SELF = YES;
				CLANG_WARN_OBJC_LITERAL_CONVERSION = YES;
				CLANG_WARN_OBJC_ROOT_CLASS = YES_ERROR;
				CLANG_WARN_QUOTED_INCLUDE_IN_FRAMEWORK_HEADER = YES;
				CLANG_WARN_RANGE_LOOP_ANALYSIS = YES;
				CLANG_WARN_STRICT_PROTOTYPES = YES;
				CLANG_WARN_SUSPICIOUS_MOVE = YES;
				CLANG_WARN_UNGUARDED_AVAILABILITY = YES_AGGRESSIVE;
				CLANG_WARN_UNREACHABLE_CODE = YES;
				CLANG_WARN__DUPLICATE_METHOD_MATCH = YES;
				COPY_PHASE_STRIP = NO;
				DEBUG_INFORMATION_FORMAT = dwarf;
				ENABLE_STRICT_OBJC_MSGSEND = YES;
				ENABLE_TESTABILITY = YES;
				GCC_C_LANGUAGE_STANDARD = gnu11;
				GCC_DYNAMIC_NO_PIC = NO;
				GCC_NO_COMMON_BLOCKS = YES;
				GCC_OPTIMIZATION_LEVEL = 0;
				GCC_PREPROCESSOR_DEFINITIONS = (
					"DEBUG=1",
					"$(inherited)",
				);
				GCC_WARN_64_TO_32_BIT_CONVERSION = YES;
				GCC_WARN_ABOUT_RETURN_TYPE = YES_ERROR;
				GCC_WARN_UNDECLARED_SELECTOR = YES;
				GCC_WARN_UNINITIALIZED_AUTOS = YES_AGGRESSIVE;
				GCC_WARN_UNUSED_FUNCTION = YES;
				GCC_WARN_UNUSED_VARIABLE = YES;
				IPHONEOS_DEPLOYMENT_TARGET = 15.0;
				MTL_ENABLE_DEBUG_INFO = INCLUDE_SOURCE;
				MTL_FAST_MATH = YES;
				ONLY_ACTIVE_ARCH = YES;
				SDKROOT = iphoneos;
				SWIFT_ACTIVE_COMPILATION_CONDITIONS = DEBUG;
				SWIFT_OPTIMIZATION_LEVEL = "-Onone";
			};
			name = Debug;
		};
		7CB7604127068DA1006560BB /* Release */ = {
			isa = XCBuildConfiguration;
			buildSettings = {
				ALWAYS_SEARCH_USER_PATHS = NO;
				CLANG_ANALYZER_NONNULL = YES;
				CLANG_ANALYZER_NUMBER_OBJECT_CONVERSION = YES_AGGRESSIVE;
				CLANG_CXX_LANGUAGE_STANDARD = "gnu++17";
				CLANG_CXX_LIBRARY = "libc++";
				CLANG_ENABLE_MODULES = YES;
				CLANG_ENABLE_OBJC_ARC = YES;
				CLANG_ENABLE_OBJC_WEAK = YES;
				CLANG_WARN_BLOCK_CAPTURE_AUTORELEASING = YES;
				CLANG_WARN_BOOL_CONVERSION = YES;
				CLANG_WARN_COMMA = YES;
				CLANG_WARN_CONSTANT_CONVERSION = YES;
				CLANG_WARN_DEPRECATED_OBJC_IMPLEMENTATIONS = YES;
				CLANG_WARN_DIRECT_OBJC_ISA_USAGE = YES_ERROR;
				CLANG_WARN_DOCUMENTATION_COMMENTS = YES;
				CLANG_WARN_EMPTY_BODY = YES;
				CLANG_WARN_ENUM_CONVERSION = YES;
				CLANG_WARN_INFINITE_RECURSION = YES;
				CLANG_WARN_INT_CONVERSION = YES;
				CLANG_WARN_NON_LITERAL_NULL_CONVERSION = YES;
				CLANG_WARN_OBJC_IMPLICIT_RETAIN_SELF = YES;
				CLANG_WARN_OBJC_LITERAL_CONVERSION = YES;
				CLANG_WARN_OBJC_ROOT_CLASS = YES_ERROR;
				CLANG_WARN_QUOTED_INCLUDE_IN_FRAMEWORK_HEADER = YES;
				CLANG_WARN_RANGE_LOOP_ANALYSIS = YES;
				CLANG_WARN_STRICT_PROTOTYPES = YES;
				CLANG_WARN_SUSPICIOUS_MOVE = YES;
				CLANG_WARN_UNGUARDED_AVAILABILITY = YES_AGGRESSIVE;
				CLANG_WARN_UNREACHABLE_CODE = YES;
				CLANG_WARN__DUPLICATE_METHOD_MATCH = YES;
				COPY_PHASE_STRIP = NO;
				DEBUG_INFORMATION_FORMAT = "dwarf-with-dsym";
				ENABLE_NS_ASSERTIONS = NO;
				ENABLE_STRICT_OBJC_MSGSEND = YES;
				GCC_C_LANGUAGE_STANDARD = gnu11;
				GCC_NO_COMMON_BLOCKS = YES;
				GCC_WARN_64_TO_32_BIT_CONVERSION = YES;
				GCC_WARN_ABOUT_RETURN_TYPE = YES_ERROR;
				GCC_WARN_UNDECLARED_SELECTOR = YES;
				GCC_WARN_UNINITIALIZED_AUTOS = YES_AGGRESSIVE;
				GCC_WARN_UNUSED_FUNCTION = YES;
				GCC_WARN_UNUSED_VARIABLE = YES;
				IPHONEOS_DEPLOYMENT_TARGET = 15.0;
				MTL_ENABLE_DEBUG_INFO = NO;
				MTL_FAST_MATH = YES;
				SDKROOT = iphoneos;
				SWIFT_COMPILATION_MODE = wholemodule;
				SWIFT_OPTIMIZATION_LEVEL = "-O";
				VALIDATE_PRODUCT = YES;
			};
			name = Release;
		};
		7CB7604327068DA1006560BB /* Debug */ = {
			isa = XCBuildConfiguration;
			buildSettings = {
				ASSETCATALOG_COMPILER_APPICON_NAME = AppIcon;
				ASSETCATALOG_COMPILER_GLOBAL_ACCENT_COLOR_NAME = AccentColor;
				CODE_SIGN_STYLE = Automatic;
				CURRENT_PROJECT_VERSION = 1;
				DEVELOPMENT_TEAM = 9Y3YYN3XLN;
				GENERATE_INFOPLIST_FILE = YES;
				INFOPLIST_FILE = App_WorldCup/Info.plist;
				INFOPLIST_KEY_UIApplicationSupportsIndirectInputEvents = YES;
				INFOPLIST_KEY_UILaunchStoryboardName = LaunchScreen;
				INFOPLIST_KEY_UIMainStoryboardFile = Main;
				INFOPLIST_KEY_UISupportedInterfaceOrientations_iPad = "UIInterfaceOrientationPortrait UIInterfaceOrientationPortraitUpsideDown UIInterfaceOrientationLandscapeLeft UIInterfaceOrientationLandscapeRight";
				INFOPLIST_KEY_UISupportedInterfaceOrientations_iPhone = "UIInterfaceOrientationPortrait UIInterfaceOrientationLandscapeLeft UIInterfaceOrientationLandscapeRight";
				LD_RUNPATH_SEARCH_PATHS = (
					"$(inherited)",
					"@executable_path/Frameworks",
				);
				MARKETING_VERSION = 1.0;
				PRODUCT_BUNDLE_IDENTIFIER = "br.com.kaique.App-WorldCup";
				PRODUCT_NAME = "$(TARGET_NAME)";
				SWIFT_EMIT_LOC_STRINGS = YES;
				SWIFT_VERSION = 5.0;
				TARGETED_DEVICE_FAMILY = "1,2";
			};
			name = Debug;
		};
		7CB7604427068DA1006560BB /* Release */ = {
			isa = XCBuildConfiguration;
			buildSettings = {
				ASSETCATALOG_COMPILER_APPICON_NAME = AppIcon;
				ASSETCATALOG_COMPILER_GLOBAL_ACCENT_COLOR_NAME = AccentColor;
				CODE_SIGN_STYLE = Automatic;
				CURRENT_PROJECT_VERSION = 1;
				DEVELOPMENT_TEAM = 9Y3YYN3XLN;
				GENERATE_INFOPLIST_FILE = YES;
				INFOPLIST_FILE = App_WorldCup/Info.plist;
				INFOPLIST_KEY_UIApplicationSupportsIndirectInputEvents = YES;
				INFOPLIST_KEY_UILaunchStoryboardName = LaunchScreen;
				INFOPLIST_KEY_UIMainStoryboardFile = Main;
				INFOPLIST_KEY_UISupportedInterfaceOrientations_iPad = "UIInterfaceOrientationPortrait UIInterfaceOrientationPortraitUpsideDown UIInterfaceOrientationLandscapeLeft UIInterfaceOrientationLandscapeRight";
				INFOPLIST_KEY_UISupportedInterfaceOrientations_iPhone = "UIInterfaceOrientationPortrait UIInterfaceOrientationLandscapeLeft UIInterfaceOrientationLandscapeRight";
				LD_RUNPATH_SEARCH_PATHS = (
					"$(inherited)",
					"@executable_path/Frameworks",
				);
				MARKETING_VERSION = 1.0;
				PRODUCT_BUNDLE_IDENTIFIER = "br.com.kaique.App-WorldCup";
				PRODUCT_NAME = "$(TARGET_NAME)";
				SWIFT_EMIT_LOC_STRINGS = YES;
				SWIFT_VERSION = 5.0;
				TARGETED_DEVICE_FAMILY = "1,2";
			};
			name = Release;
		};
		7CB7604627068DA1006560BB /* Debug */ = {
			isa = XCBuildConfiguration;
			buildSettings = {
				ALWAYS_EMBED_SWIFT_STANDARD_LIBRARIES = YES;
				BUNDLE_LOADER = "$(TEST_HOST)";
				CODE_SIGN_STYLE = Automatic;
				CURRENT_PROJECT_VERSION = 1;
				DEVELOPMENT_TEAM = 9Y3YYN3XLN;
				GENERATE_INFOPLIST_FILE = YES;
				IPHONEOS_DEPLOYMENT_TARGET = 15.0;
				LD_RUNPATH_SEARCH_PATHS = (
					"$(inherited)",
					"@executable_path/Frameworks",
					"@loader_path/Frameworks",
				);
				MARKETING_VERSION = 1.0;
				PRODUCT_BUNDLE_IDENTIFIER = "br.com.kaique.App-WorldCupTests";
				PRODUCT_NAME = "$(TARGET_NAME)";
				SWIFT_EMIT_LOC_STRINGS = NO;
				SWIFT_VERSION = 5.0;
				TARGETED_DEVICE_FAMILY = "1,2";
				TEST_HOST = "$(BUILT_PRODUCTS_DIR)/App_WorldCup.app/App_WorldCup";
			};
			name = Debug;
		};
		7CB7604727068DA1006560BB /* Release */ = {
			isa = XCBuildConfiguration;
			buildSettings = {
				ALWAYS_EMBED_SWIFT_STANDARD_LIBRARIES = YES;
				BUNDLE_LOADER = "$(TEST_HOST)";
				CODE_SIGN_STYLE = Automatic;
				CURRENT_PROJECT_VERSION = 1;
				DEVELOPMENT_TEAM = 9Y3YYN3XLN;
				GENERATE_INFOPLIST_FILE = YES;
				IPHONEOS_DEPLOYMENT_TARGET = 15.0;
				LD_RUNPATH_SEARCH_PATHS = (
					"$(inherited)",
					"@executable_path/Frameworks",
					"@loader_path/Frameworks",
				);
				MARKETING_VERSION = 1.0;
				PRODUCT_BUNDLE_IDENTIFIER = "br.com.kaique.App-WorldCupTests";
				PRODUCT_NAME = "$(TARGET_NAME)";
				SWIFT_EMIT_LOC_STRINGS = NO;
				SWIFT_VERSION = 5.0;
				TARGETED_DEVICE_FAMILY = "1,2";
				TEST_HOST = "$(BUILT_PRODUCTS_DIR)/App_WorldCup.app/App_WorldCup";
			};
			name = Release;
		};
		7CB7604927068DA1006560BB /* Debug */ = {
			isa = XCBuildConfiguration;
			buildSettings = {
				ALWAYS_EMBED_SWIFT_STANDARD_LIBRARIES = YES;
				CODE_SIGN_STYLE = Automatic;
				CURRENT_PROJECT_VERSION = 1;
				DEVELOPMENT_TEAM = 9Y3YYN3XLN;
				GENERATE_INFOPLIST_FILE = YES;
				LD_RUNPATH_SEARCH_PATHS = (
					"$(inherited)",
					"@executable_path/Frameworks",
					"@loader_path/Frameworks",
				);
				MARKETING_VERSION = 1.0;
				PRODUCT_BUNDLE_IDENTIFIER = "br.com.kaique.App-WorldCupUITests";
				PRODUCT_NAME = "$(TARGET_NAME)";
				SWIFT_EMIT_LOC_STRINGS = NO;
				SWIFT_VERSION = 5.0;
				TARGETED_DEVICE_FAMILY = "1,2";
				TEST_TARGET_NAME = App_WorldCup;
			};
			name = Debug;
		};
		7CB7604A27068DA1006560BB /* Release */ = {
			isa = XCBuildConfiguration;
			buildSettings = {
				ALWAYS_EMBED_SWIFT_STANDARD_LIBRARIES = YES;
				CODE_SIGN_STYLE = Automatic;
				CURRENT_PROJECT_VERSION = 1;
				DEVELOPMENT_TEAM = 9Y3YYN3XLN;
				GENERATE_INFOPLIST_FILE = YES;
				LD_RUNPATH_SEARCH_PATHS = (
					"$(inherited)",
					"@executable_path/Frameworks",
					"@loader_path/Frameworks",
				);
				MARKETING_VERSION = 1.0;
				PRODUCT_BUNDLE_IDENTIFIER = "br.com.kaique.App-WorldCupUITests";
				PRODUCT_NAME = "$(TARGET_NAME)";
				SWIFT_EMIT_LOC_STRINGS = NO;
				SWIFT_VERSION = 5.0;
				TARGETED_DEVICE_FAMILY = "1,2";
				TEST_TARGET_NAME = App_WorldCup;
			};
			name = Release;
		};
/* End XCBuildConfiguration section */

/* Begin XCConfigurationList section */
		7CB7601327068D9E006560BB /* Build configuration list for PBXProject "App_WorldCup" */ = {
			isa = XCConfigurationList;
			buildConfigurations = (
				7CB7604027068DA1006560BB /* Debug */,
				7CB7604127068DA1006560BB /* Release */,
			);
			defaultConfigurationIsVisible = 0;
			defaultConfigurationName = Release;
		};
		7CB7604227068DA1006560BB /* Build configuration list for PBXNativeTarget "App_WorldCup" */ = {
			isa = XCConfigurationList;
			buildConfigurations = (
				7CB7604327068DA1006560BB /* Debug */,
				7CB7604427068DA1006560BB /* Release */,
			);
			defaultConfigurationIsVisible = 0;
			defaultConfigurationName = Release;
		};
		7CB7604527068DA1006560BB /* Build configuration list for PBXNativeTarget "App_WorldCupTests" */ = {
			isa = XCConfigurationList;
			buildConfigurations = (
				7CB7604627068DA1006560BB /* Debug */,
				7CB7604727068DA1006560BB /* Release */,
			);
			defaultConfigurationIsVisible = 0;
			defaultConfigurationName = Release;
		};
		7CB7604827068DA1006560BB /* Build configuration list for PBXNativeTarget "App_WorldCupUITests" */ = {
			isa = XCConfigurationList;
			buildConfigurations = (
				7CB7604927068DA1006560BB /* Debug */,
				7CB7604A27068DA1006560BB /* Release */,
			);
			defaultConfigurationIsVisible = 0;
			defaultConfigurationName = Release;
		};
/* End XCConfigurationList section */
	};
	rootObject = 7CB7601027068D9E006560BB /* Project object */;
}
