// !$*UTF8*$!
{
	archiveVersion = 1;
	classes = {
	};
	objectVersion = 55;
	objects = {

/* Begin PBXBuildFile section */
		7C8E372527078C6A00FBE5F7 /* winners.json in Resources */ = {isa = PBXBuildFile; fileRef = 7CB760AE27069022006560BB /* winners.json */; };
		7CB7601C27068D9E006560BB /* AppDelegate.swift in Sources */ = {isa = PBXBuildFile; fileRef = 7CB7601B27068D9E006560BB /* AppDelegate.swift */; };
		7CB7601E27068D9E006560BB /* SceneDelegate.swift in Sources */ = {isa = PBXBuildFile; fileRef = 7CB7601D27068D9E006560BB /* SceneDelegate.swift */; };
		7CB7602327068D9E006560BB /* Main.storyboard in Resources */ = {isa = PBXBuildFile; fileRef = 7CB7602127068D9E006560BB /* Main.storyboard */; };
		7CB7602527068DA1006560BB /* Assets.xcassets in Resources */ = {isa = PBXBuildFile; fileRef = 7CB7602427068DA1006560BB /* Assets.xcassets */; };
		7CB7602827068DA1006560BB /* LaunchScreen.storyboard in Resources */ = {isa = PBXBuildFile; fileRef = 7CB7602627068DA1006560BB /* LaunchScreen.storyboard */; };
		7CB7603327068DA1006560BB /* App_WorldCupTests.swift in Sources */ = {isa = PBXBuildFile; fileRef = 7CB7603227068DA1006560BB /* App_WorldCupTests.swift */; };
		7CB7603D27068DA1006560BB /* App_WorldCupUITests.swift in Sources */ = {isa = PBXBuildFile; fileRef = 7CB7603C27068DA1006560BB /* App_WorldCupUITests.swift */; };
		7CB7603F27068DA1006560BB /* App_WorldCupUITestsLaunchTests.swift in Sources */ = {isa = PBXBuildFile; fileRef = 7CB7603E27068DA1006560BB /* App_WorldCupUITestsLaunchTests.swift */; };
		7CB7607D27069016006560BB /* República Tcheca.png in Resources */ = {isa = PBXBuildFile; fileRef = 7CB7604C27069015006560BB /* República Tcheca.png */; };
		7CB7607E27069016006560BB /* Bulgária.png in Resources */ = {isa = PBXBuildFile; fileRef = 7CB7604D27069015006560BB /* Bulgária.png */; };
		7CB7607F27069016006560BB /* Estados Unidos.png in Resources */ = {isa = PBXBuildFile; fileRef = 7CB7604E27069015006560BB /* Estados Unidos.png */; };
		7CB7608027069016006560BB /* Dinamarca.png in Resources */ = {isa = PBXBuildFile; fileRef = 7CB7604F27069015006560BB /* Dinamarca.png */; };
		7CB7608127069016006560BB /* Bélgica.png in Resources */ = {isa = PBXBuildFile; fileRef = 7CB7605027069015006560BB /* Bélgica.png */; };
		7CB7608227069016006560BB /* Uruguai.png in Resources */ = {isa = PBXBuildFile; fileRef = 7CB7605127069015006560BB /* Uruguai.png */; };
		7CB7608327069016006560BB /* União Soviética.png in Resources */ = {isa = PBXBuildFile; fileRef = 7CB7605227069015006560BB /* União Soviética.png */; };
		7CB7608427069016006560BB /* Brasil.png in Resources */ = {isa = PBXBuildFile; fileRef = 7CB7605327069015006560BB /* Brasil.png */; };
		7CB7608527069016006560BB /* França.png in Resources */ = {isa = PBXBuildFile; fileRef = 7CB7605427069015006560BB /* França.png */; };
		7CB7608627069016006560BB /* Alemanha Ocidental.png in Resources */ = {isa = PBXBuildFile; fileRef = 7CB7605527069015006560BB /* Alemanha Ocidental.png */; };
		7CB7608727069016006560BB /* México.png in Resources */ = {isa = PBXBuildFile; fileRef = 7CB7605627069015006560BB /* México.png */; };
		7CB7608827069016006560BB /* Espanha.png in Resources */ = {isa = PBXBuildFile; fileRef = 7CB7605727069015006560BB /* Espanha.png */; };
		7CB7608927069016006560BB /* Alemanha.png in Resources */ = {isa = PBXBuildFile; fileRef = 7CB7605827069015006560BB /* Alemanha.png */; };
		7CB7608A27069016006560BB /* Suécia.png in Resources */ = {isa = PBXBuildFile; fileRef = 7CB7605927069015006560BB /* Suécia.png */; };
		7CB7608B27069016006560BB /* Coréia do Sul.png in Resources */ = {isa = PBXBuildFile; fileRef = 7CB7605A27069015006560BB /* Coréia do Sul.png */; };
		7CB7608C27069016006560BB /* Itália.png in Resources */ = {isa = PBXBuildFile; fileRef = 7CB7605B27069015006560BB /* Itália.png */; };
		7CB7608D27069016006560BB /* Turquia.png in Resources */ = {isa = PBXBuildFile; fileRef = 7CB7605C27069015006560BB /* Turquia.png */; };
		7CB7608E27069016006560BB /* Ucrânia.png in Resources */ = {isa = PBXBuildFile; fileRef = 7CB7605D27069015006560BB /* Ucrânia.png */; };
		7CB7608F27069016006560BB /* Bolívia.png in Resources */ = {isa = PBXBuildFile; fileRef = 7CB7605E27069015006560BB /* Bolívia.png */; };
		7CB7609027069016006560BB /* Portugal.png in Resources */ = {isa = PBXBuildFile; fileRef = 7CB7605F27069015006560BB /* Portugal.png */; };
		7CB7609127069016006560BB /* Argentina.png in Resources */ = {isa = PBXBuildFile; fileRef = 7CB7606027069015006560BB /* Argentina.png */; };
		7CB7609227069016006560BB /* Peru.png in Resources */ = {isa = PBXBuildFile; fileRef = 7CB7606127069015006560BB /* Peru.png */; };
		7CB7609327069016006560BB /* Inglaterra.png in Resources */ = {isa = PBXBuildFile; fileRef = 7CB7606227069016006560BB /* Inglaterra.png */; };
		7CB7609427069016006560BB /* Suíça.png in Resources */ = {isa = PBXBuildFile; fileRef = 7CB7606327069016006560BB /* Suíça.png */; };
		7CB7609527069016006560BB /* Iugoslávia.png in Resources */ = {isa = PBXBuildFile; fileRef = 7CB7606427069016006560BB /* Iugoslávia.png */; };
		7CB7609627069016006560BB /* Colômbia.png in Resources */ = {isa = PBXBuildFile; fileRef = 7CB7606527069016006560BB /* Colômbia.png */; };
		7CB7609727069016006560BB /* Rússia.png in Resources */ = {isa = PBXBuildFile; fileRef = 7CB7606627069016006560BB /* Rússia.png */; };
		7CB7609827069016006560BB /* Emirados Árabes.png in Resources */ = {isa = PBXBuildFile; fileRef = 7CB7606727069016006560BB /* Emirados Árabes.png */; };
		7CB7609927069016006560BB /* Croácia.png in Resources */ = {isa = PBXBuildFile; fileRef = 7CB7606827069016006560BB /* Croácia.png */; };
		7CB7609A27069016006560BB /* Chile.png in Resources */ = {isa = PBXBuildFile; fileRef = 7CB7606927069016006560BB /* Chile.png */; };
		7CB7609B27069016006560BB /* Honduras.png in Resources */ = {isa = PBXBuildFile; fileRef = 7CB7606A27069016006560BB /* Honduras.png */; };
		7CB7609C27069016006560BB /* Paraguai.png in Resources */ = {isa = PBXBuildFile; fileRef = 7CB7606B27069016006560BB /* Paraguai.png */; };
		7CB7609D27069016006560BB /* Romênia.png in Resources */ = {isa = PBXBuildFile; fileRef = 7CB7606C27069016006560BB /* Romênia.png */; };
		7CB7609E27069016006560BB /* Austrália.png in Resources */ = {isa = PBXBuildFile; fileRef = 7CB7606D27069016006560BB /* Austrália.png */; };
		7CB7609F27069016006560BB /* Polônia.png in Resources */ = {isa = PBXBuildFile; fileRef = 7CB7606E27069016006560BB /* Polônia.png */; };
		7CB760A027069016006560BB /* Tchecoslováquia.png in Resources */ = {isa = PBXBuildFile; fileRef = 7CB7606F27069016006560BB /* Tchecoslováquia.png */; };
		7CB760A127069016006560BB /* Alemanha Oriental.png in Resources */ = {isa = PBXBuildFile; fileRef = 7CB7607027069016006560BB /* Alemanha Oriental.png */; };
		7CB760A227069016006560BB /* Costa Rica.png in Resources */ = {isa = PBXBuildFile; fileRef = 7CB7607127069016006560BB /* Costa Rica.png */; };
		7CB760A327069016006560BB /* Camarões.png in Resources */ = {isa = PBXBuildFile; fileRef = 7CB7607227069016006560BB /* Camarões.png */; };
		7CB760A427069016006560BB /* Hungria.png in Resources */ = {isa = PBXBuildFile; fileRef = 7CB7607327069016006560BB /* Hungria.png */; };
		7CB760A527069016006560BB /* Áustria.png in Resources */ = {isa = PBXBuildFile; fileRef = 7CB7607427069016006560BB /* Áustria.png */; };
		7CB760A627069016006560BB /* África do Sul.png in Resources */ = {isa = PBXBuildFile; fileRef = 7CB7607527069016006560BB /* África do Sul.png */; };
		7CB760A727069016006560BB /* Arábia Saudita.png in Resources */ = {isa = PBXBuildFile; fileRef = 7CB7607627069016006560BB /* Arábia Saudita.png */; };
		7CB760A827069016006560BB /* País de Gales.png in Resources */ = {isa = PBXBuildFile; fileRef = 7CB7607727069016006560BB /* País de Gales.png */; };
		7CB760A927069016006560BB /* Gana.png in Resources */ = {isa = PBXBuildFile; fileRef = 7CB7607827069016006560BB /* Gana.png */; };
		7CB760AA27069016006560BB /* Holanda.png in Resources */ = {isa = PBXBuildFile; fileRef = 7CB7607927069016006560BB /* Holanda.png */; };
		7CB760AB27069016006560BB /* Noruega.png in Resources */ = {isa = PBXBuildFile; fileRef = 7CB7607A27069016006560BB /* Noruega.png */; };
		7CB760AC27069016006560BB /* Argélia.png in Resources */ = {isa = PBXBuildFile; fileRef = 7CB7607B27069016006560BB /* Argélia.png */; };
		7CB760AD27069016006560BB /* China.png in Resources */ = {isa = PBXBuildFile; fileRef = 7CB7607C27069016006560BB /* China.png */; };
		7CB760B42706939E006560BB /* WinnersTableViewController.swift in Sources */ = {isa = PBXBuildFile; fileRef = 7CB760B32706939E006560BB /* WinnersTableViewController.swift */; };
		7CB760B6270693B0006560BB /* WorldCupViewController.swift in Sources */ = {isa = PBXBuildFile; fileRef = 7CB760B5270693B0006560BB /* WorldCupViewController.swift */; };
		7CB760B8270693E3006560BB /* WorldCup.swift in Sources */ = {isa = PBXBuildFile; fileRef = 7CB760B7270693E3006560BB /* WorldCup.swift */; };
/* End PBXBuildFile section */

/* Begin PBXContainerItemProxy section */
		7CB7602F27068DA1006560BB /* PBXContainerItemProxy */ = {
			isa = PBXContainerItemProxy;
			containerPortal = 7CB7601027068D9E006560BB /* Project object */;
			proxyType = 1;
			remoteGlobalIDString = 7CB7601727068D9E006560BB;
			remoteInfo = App_WorldCup;
		};
		7CB7603927068DA1006560BB /* PBXContainerItemProxy */ = {
			isa = PBXContainerItemProxy;
			containerPortal = 7CB7601027068D9E006560BB /* Project object */;
			proxyType = 1;
			remoteGlobalIDString = 7CB7601727068D9E006560BB;
			remoteInfo = App_WorldCup;
		};
/* End PBXContainerItemProxy section */

/* Begin PBXFileReference section */
		7CB7601827068D9E006560BB /* App_WorldCup.app */ = {isa = PBXFileReference; explicitFileType = wrapper.application; includeInIndex = 0; path = App_WorldCup.app; sourceTree = BUILT_PRODUCTS_DIR; };
		7CB7601B27068D9E006560BB /* AppDelegate.swift */ = {isa = PBXFileReference; lastKnownFileType = sourcecode.swift; path = AppDelegate.swift; sourceTree = "<group>"; };
		7CB7601D27068D9E006560BB /* SceneDelegate.swift */ = {isa = PBXFileReference; lastKnownFileType = sourcecode.swift; path = SceneDelegate.swift; sourceTree = "<group>"; };
		7CB7602227068D9E006560BB /* Base */ = {isa = PBXFileReference; lastKnownFileType = file.storyboard; name = Base; path = Base.lproj/Main.storyboard; sourceTree = "<group>"; };
		7CB7602427068DA1006560BB /* Assets.xcassets */ = {isa = PBXFileReference; lastKnownFileType = folder.assetcatalog; path = Assets.xcassets; sourceTree = "<group>"; };
		7CB7602727068DA1006560BB /* Base */ = {isa = PBXFileReference; lastKnownFileType = file.storyboard; name = Base; path = Base.lproj/LaunchScreen.storyboard; sourceTree = "<group>"; };
		7CB7602927068DA1006560BB /* Info.plist */ = {isa = PBXFileReference; lastKnownFileType = text.plist.xml; path = Info.plist; sourceTree = "<group>"; };
		7CB7602E27068DA1006560BB /* App_WorldCupTests.xctest */ = {isa = PBXFileReference; explicitFileType = wrapper.cfbundle; includeInIndex = 0; path = App_WorldCupTests.xctest; sourceTree = BUILT_PRODUCTS_DIR; };
		7CB7603227068DA1006560BB /* App_WorldCupTests.swift */ = {isa = PBXFileReference; lastKnownFileType = sourcecode.swift; path = App_WorldCupTests.swift; sourceTree = "<group>"; };
		7CB7603827068DA1006560BB /* App_WorldCupUITests.xctest */ = {isa = PBXFileReference; explicitFileType = wrapper.cfbundle; includeInIndex = 0; path = App_WorldCupUITests.xctest; sourceTree = BUILT_PRODUCTS_DIR; };
		7CB7603C27068DA1006560BB /* App_WorldCupUITests.swift */ = {isa = PBXFileReference; lastKnownFileType = sourcecode.swift; path = App_WorldCupUITests.swift; sourceTree = "<group>"; };
		7CB7603E27068DA1006560BB /* App_WorldCupUITestsLaunchTests.swift */ = {isa = PBXFileReference; lastKnownFileType = sourcecode.swift; path = App_WorldCupUITestsLaunchTests.swift; sourceTree = "<group>"; };
		7CB7604C27069015006560BB /* República Tcheca.png */ = {isa = PBXFileReference; lastKnownFileType = image.png; name = "República Tcheca.png"; path = "../../../../../../Downloads/Arquivos CampeoesDaCopa/Bandeiras/República Tcheca.png"; sourceTree = "<group>"; };
		7CB7604D27069015006560BB /* Bulgária.png */ = {isa = PBXFileReference; lastKnownFileType = image.png; name = "Bulgária.png"; path = "../../../../../../Downloads/Arquivos CampeoesDaCopa/Bandeiras/Bulgária.png"; sourceTree = "<group>"; };
		7CB7604E27069015006560BB /* Estados Unidos.png */ = {isa = PBXFileReference; lastKnownFileType = image.png; name = "Estados Unidos.png"; path = "../../../../../../Downloads/Arquivos CampeoesDaCopa/Bandeiras/Estados Unidos.png"; sourceTree = "<group>"; };
		7CB7604F27069015006560BB /* Dinamarca.png */ = {isa = PBXFileReference; lastKnownFileType = image.png; name = Dinamarca.png; path = "../../../../../../Downloads/Arquivos CampeoesDaCopa/Bandeiras/Dinamarca.png"; sourceTree = "<group>"; };
		7CB7605027069015006560BB /* Bélgica.png */ = {isa = PBXFileReference; lastKnownFileType = image.png; name = "Bélgica.png"; path = "../../../../../../Downloads/Arquivos CampeoesDaCopa/Bandeiras/Bélgica.png"; sourceTree = "<group>"; };
		7CB7605127069015006560BB /* Uruguai.png */ = {isa = PBXFileReference; lastKnownFileType = image.png; name = Uruguai.png; path = "../../../../../../Downloads/Arquivos CampeoesDaCopa/Bandeiras/Uruguai.png"; sourceTree = "<group>"; };
		7CB7605227069015006560BB /* União Soviética.png */ = {isa = PBXFileReference; lastKnownFileType = image.png; name = "União Soviética.png"; path = "../../../../../../Downloads/Arquivos CampeoesDaCopa/Bandeiras/União Soviética.png"; sourceTree = "<group>"; };
		7CB7605327069015006560BB /* Brasil.png */ = {isa = PBXFileReference; lastKnownFileType = image.png; name = Brasil.png; path = "../../../../../../Downloads/Arquivos CampeoesDaCopa/Bandeiras/Brasil.png"; sourceTree = "<group>"; };
		7CB7605427069015006560BB /* França.png */ = {isa = PBXFileReference; lastKnownFileType = image.png; name = "França.png"; path = "../../../../../../Downloads/Arquivos CampeoesDaCopa/Bandeiras/França.png"; sourceTree = "<group>"; };
		7CB7605527069015006560BB /* Alemanha Ocidental.png */ = {isa = PBXFileReference; lastKnownFileType = image.png; name = "Alemanha Ocidental.png"; path = "../../../../../../Downloads/Arquivos CampeoesDaCopa/Bandeiras/Alemanha Ocidental.png"; sourceTree = "<group>"; };
		7CB7605627069015006560BB /* México.png */ = {isa = PBXFileReference; lastKnownFileType = image.png; name = "México.png"; path = "../../../../../../Downloads/Arquivos CampeoesDaCopa/Bandeiras/México.png"; sourceTree = "<group>"; };
		7CB7605727069015006560BB /* Espanha.png */ = {isa = PBXFileReference; lastKnownFileType = image.png; name = Espanha.png; path = "../../../../../../Downloads/Arquivos CampeoesDaCopa/Bandeiras/Espanha.png"; sourceTree = "<group>"; };
		7CB7605827069015006560BB /* Alemanha.png */ = {isa = PBXFileReference; lastKnownFileType = image.png; name = Alemanha.png; path = "../../../../../../Downloads/Arquivos CampeoesDaCopa/Bandeiras/Alemanha.png"; sourceTree = "<group>"; };
		7CB7605927069015006560BB /* Suécia.png */ = {isa = PBXFileReference; lastKnownFileType = image.png; name = "Suécia.png"; path = "../../../../../../Downloads/Arquivos CampeoesDaCopa/Bandeiras/Suécia.png"; sourceTree = "<group>"; };
		7CB7605A27069015006560BB /* Coréia do Sul.png */ = {isa = PBXFileReference; lastKnownFileType = image.png; name = "Coréia do Sul.png"; path = "../../../../../../Downloads/Arquivos CampeoesDaCopa/Bandeiras/Coréia do Sul.png"; sourceTree = "<group>"; };
		7CB7605B27069015006560BB /* Itália.png */ = {isa = PBXFileReference; lastKnownFileType = image.png; name = "Itália.png"; path = "../../../../../../Downloads/Arquivos CampeoesDaCopa/Bandeiras/Itália.png"; sourceTree = "<group>"; };
		7CB7605C27069015006560BB /* Turquia.png */ = {isa = PBXFileReference; lastKnownFileType = image.png; name = Turquia.png; path = "../../../../../../Downloads/Arquivos CampeoesDaCopa/Bandeiras/Turquia.png"; sourceTree = "<group>"; };
		7CB7605D27069015006560BB /* Ucrânia.png */ = {isa = PBXFileReference; lastKnownFileType = image.png; name = "Ucrânia.png"; path = "../../../../../../Downloads/Arquivos CampeoesDaCopa/Bandeiras/Ucrânia.png"; sourceTree = "<group>"; };
		7CB7605E27069015006560BB /* Bolívia.png */ = {isa = PBXFileReference; lastKnownFileType = image.png; name = "Bolívia.png"; path = "../../../../../../Downloads/Arquivos CampeoesDaCopa/Bandeiras/Bolívia.png"; sourceTree = "<group>"; };
		7CB7605F27069015006560BB /* Portugal.png */ = {isa = PBXFileReference; lastKnownFileType = image.png; name = Portugal.png; path = "../../../../../../Downloads/Arquivos CampeoesDaCopa/Bandeiras/Portugal.png"; sourceTree = "<group>"; };
		7CB7606027069015006560BB /* Argentina.png */ = {isa = PBXFileReference; lastKnownFileType = image.png; name = Argentina.png; path = "../../../../../../Downloads/Arquivos CampeoesDaCopa/Bandeiras/Argentina.png"; sourceTree = "<group>"; };
		7CB7606127069015006560BB /* Peru.png */ = {isa = PBXFileReference; lastKnownFileType = image.png; name = Peru.png; path = "../../../../../../Downloads/Arquivos CampeoesDaCopa/Bandeiras/Peru.png"; sourceTree = "<group>"; };
		7CB7606227069016006560BB /* Inglaterra.png */ = {isa = PBXFileReference; lastKnownFileType = image.png; name = Inglaterra.png; path = "../../../../../../Downloads/Arquivos CampeoesDaCopa/Bandeiras/Inglaterra.png"; sourceTree = "<group>"; };
		7CB7606327069016006560BB /* Suíça.png */ = {isa = PBXFileReference; lastKnownFileType = image.png; name = "Suíça.png"; path = "../../../../../../Downloads/Arquivos CampeoesDaCopa/Bandeiras/Suíça.png"; sourceTree = "<group>"; };
		7CB7606427069016006560BB /* Iugoslávia.png */ = {isa = PBXFileReference; lastKnownFileType = image.png; name = "Iugoslávia.png"; path = "../../../../../../Downloads/Arquivos CampeoesDaCopa/Bandeiras/Iugoslávia.png"; sourceTree = "<group>"; };
		7CB7606527069016006560BB /* Colômbia.png */ = {isa = PBXFileReference; lastKnownFileType = image.png; name = "Colômbia.png"; path = "../../../../../../Downloads/Arquivos CampeoesDaCopa/Bandeiras/Colômbia.png"; sourceTree = "<group>"; };
		7CB7606627069016006560BB /* Rússia.png */ = {isa = PBXFileReference; lastKnownFileType = image.png; name = "Rússia.png"; path = "../../../../../../Downloads/Arquivos CampeoesDaCopa/Bandeiras/Rússia.png"; sourceTree = "<group>"; };
		7CB7606727069016006560BB /* Emirados Árabes.png */ = {isa = PBXFileReference; lastKnownFileType = image.png; name = "Emirados Árabes.png"; path = "../../../../../../Downloads/Arquivos CampeoesDaCopa/Bandeiras/Emirados Árabes.png"; sourceTree = "<group>"; };
		7CB7606827069016006560BB /* Croácia.png */ = {isa = PBXFileReference; lastKnownFileType = image.png; name = "Croácia.png"; path = "../../../../../../Downloads/Arquivos CampeoesDaCopa/Bandeiras/Croácia.png"; sourceTree = "<group>"; };
		7CB7606927069016006560BB /* Chile.png */ = {isa = PBXFileReference; lastKnownFileType = image.png; name = Chile.png; path = "../../../../../../Downloads/Arquivos CampeoesDaCopa/Bandeiras/Chile.png"; sourceTree = "<group>"; };
		7CB7606A27069016006560BB /* Honduras.png */ = {isa = PBXFileReference; lastKnownFileType = image.png; name = Honduras.png; path = "../../../../../../Downloads/Arquivos CampeoesDaCopa/Bandeiras/Honduras.png"; sourceTree = "<group>"; };
		7CB7606B27069016006560BB /* Paraguai.png */ = {isa = PBXFileReference; lastKnownFileType = image.png; name = Paraguai.png; path = "../../../../../../Downloads/Arquivos CampeoesDaCopa/Bandeiras/Paraguai.png"; sourceTree = "<group>"; };
		7CB7606C27069016006560BB /* Romênia.png */ = {isa = PBXFileReference; lastKnownFileType = image.png; name = "Romênia.png"; path = "../../../../../../Downloads/Arquivos CampeoesDaCopa/Bandeiras/Romênia.png"; sourceTree = "<group>"; };
		7CB7606D27069016006560BB /* Austrália.png */ = {isa = PBXFileReference; lastKnownFileType = image.png; name = "Austrália.png"; path = "../../../../../../Downloads/Arquivos CampeoesDaCopa/Bandeiras/Austrália.png"; sourceTree = "<group>"; };
		7CB7606E27069016006560BB /* Polônia.png */ = {isa = PBXFileReference; lastKnownFileType = image.png; name = "Polônia.png"; path = "../../../../../../Downloads/Arquivos CampeoesDaCopa/Bandeiras/Polônia.png"; sourceTree = "<group>"; };
		7CB7606F27069016006560BB /* Tchecoslováquia.png */ = {isa = PBXFileReference; lastKnownFileType = image.png; name = "Tchecoslováquia.png"; path = "../../../../../../Downloads/Arquivos CampeoesDaCopa/Bandeiras/Tchecoslováquia.png"; sourceTree = "<group>"; };
		7CB7607027069016006560BB /* Alemanha Oriental.png */ = {isa = PBXFileReference; lastKnownFileType = image.png; name = "Alemanha Oriental.png"; path = "../../../../../../Downloads/Arquivos CampeoesDaCopa/Bandeiras/Alemanha Oriental.png"; sourceTree = "<group>"; };
		7CB7607127069016006560BB /* Costa Rica.png */ = {isa = PBXFileReference; lastKnownFileType = image.png; name = "Costa Rica.png"; path = "../../../../../../Downloads/Arquivos CampeoesDaCopa/Bandeiras/Costa Rica.png"; sourceTree = "<group>"; };
		7CB7607227069016006560BB /* Camarões.png */ = {isa = PBXFileReference; lastKnownFileType = image.png; name = "Camarões.png"; path = "../../../../../../Downloads/Arquivos CampeoesDaCopa/Bandeiras/Camarões.png"; sourceTree = "<group>"; };
		7CB7607327069016006560BB /* Hungria.png */ = {isa = PBXFileReference; lastKnownFileType = image.png; name = Hungria.png; path = "../../../../../../Downloads/Arquivos CampeoesDaCopa/Bandeiras/Hungria.png"; sourceTree = "<group>"; };
		7CB7607427069016006560BB /* Áustria.png */ = {isa = PBXFileReference; lastKnownFileType = image.png; name = "Áustria.png"; path = "../../../../../../Downloads/Arquivos CampeoesDaCopa/Bandeiras/Áustria.png"; sourceTree = "<group>"; };
		7CB7607527069016006560BB /* África do Sul.png */ = {isa = PBXFileReference; lastKnownFileType = image.png; name = "África do Sul.png"; path = "../../../../../../Downloads/Arquivos CampeoesDaCopa/Bandeiras/África do Sul.png"; sourceTree = "<group>"; };
		7CB7607627069016006560BB /* Arábia Saudita.png */ = {isa = PBXFileReference; lastKnownFileType = image.png; name = "Arábia Saudita.png"; path = "../../../../../../Downloads/Arquivos CampeoesDaCopa/Bandeiras/Arábia Saudita.png"; sourceTree = "<group>"; };
		7CB7607727069016006560BB /* País de Gales.png */ = {isa = PBXFileReference; lastKnownFileType = image.png; name = "País de Gales.png"; path = "../../../../../../Downloads/Arquivos CampeoesDaCopa/Bandeiras/País de Gales.png"; sourceTree = "<group>"; };
		7CB7607827069016006560BB /* Gana.png */ = {isa = PBXFileReference; lastKnownFileType = image.png; name = Gana.png; path = "../../../../../../Downloads/Arquivos CampeoesDaCopa/Bandeiras/Gana.png"; sourceTree = "<group>"; };
		7CB7607927069016006560BB /* Holanda.png */ = {isa = PBXFileReference; lastKnownFileType = image.png; name = Holanda.png; path = "../../../../../../Downloads/Arquivos CampeoesDaCopa/Bandeiras/Holanda.png"; sourceTree = "<group>"; };
		7CB7607A27069016006560BB /* Noruega.png */ = {isa = PBXFileReference; lastKnownFileType = image.png; name = Noruega.png; path = "../../../../../../Downloads/Arquivos CampeoesDaCopa/Bandeiras/Noruega.png"; sourceTree = "<group>"; };
		7CB7607B27069016006560BB /* Argélia.png */ = {isa = PBXFileReference; lastKnownFileType = image.png; name = "Argélia.png"; path = "../../../../../../Downloads/Arquivos CampeoesDaCopa/Bandeiras/Argélia.png"; sourceTree = "<group>"; };
		7CB7607C27069016006560BB /* China.png */ = {isa = PBXFileReference; lastKnownFileType = image.png; name = China.png; path = "../../../../../../Downloads/Arquivos CampeoesDaCopa/Bandeiras/China.png"; sourceTree = "<group>"; };
		7CB760AE27069022006560BB /* winners.json */ = {isa = PBXFileReference; fileEncoding = 4; lastKnownFileType = text.json; name = winners.json; path = "../../../../../../Downloads/Arquivos CampeoesDaCopa/winners.json"; sourceTree = "<group>"; };
		7CB760B32706939E006560BB /* WinnersTableViewController.swift */ = {isa = PBXFileReference; lastKnownFileType = sourcecode.swift; path = WinnersTableViewController.swift; sourceTree = "<group>"; };
		7CB760B5270693B0006560BB /* WorldCupViewController.swift */ = {isa = PBXFileReference; lastKnownFileType = sourcecode.swift; path = WorldCupViewController.swift; sourceTree = "<group>"; };
		7CB760B7270693E3006560BB /* WorldCup.swift */ = {isa = PBXFileReference; lastKnownFileType = sourcecode.swift; path = WorldCup.swift; sourceTree = "<group>"; };
/* End PBXFileReference section */

/* Begin PBXFrameworksBuildPhase section */
		7CB7601527068D9E006560BB /* Frameworks */ = {
			isa = PBXFrameworksBuildPhase;
			buildActionMask = 2147483647;
			files = (
			);
			runOnlyForDeploymentPostprocessing = 0;
		};
		7CB7602B27068DA1006560BB /* Frameworks */ = {
			isa = PBXFrameworksBuildPhase;
			buildActionMask = 2147483647;
			files = (
			);
			runOnlyForDeploymentPostprocessing = 0;
		};
		7CB7603527068DA1006560BB /* Frameworks */ = {
			isa = PBXFrameworksBuildPhase;
			buildActionMask = 2147483647;
			files = (
			);
			runOnlyForDeploymentPostprocessing = 0;
		};
/* End PBXFrameworksBuildPhase section */

/* Begin PBXGroup section */
		7CB7600F27068D9E006560BB = {
			isa = PBXGroup;
			children = (
				7CB7601A27068D9E006560BB /* App_WorldCup */,
				7CB7603127068DA1006560BB /* App_WorldCupTests */,
				7CB7603B27068DA1006560BB /* App_WorldCupUITests */,
				7CB7601927068D9E006560BB /* Products */,
			);
			sourceTree = "<group>";
		};
		7CB7601927068D9E006560BB /* Products */ = {
			isa = PBXGroup;
			children = (
				7CB7601827068D9E006560BB /* App_WorldCup.app */,
				7CB7602E27068DA1006560BB /* App_WorldCupTests.xctest */,
				7CB7603827068DA1006560BB /* App_WorldCupUITests.xctest */,
			);
			name = Products;
			sourceTree = "<group>";
		};
		7CB7601A27068D9E006560BB /* App_WorldCup */ = {
			isa = PBXGroup;
			children = (
				7CB760B02706930F006560BB /* Models */,
				7CB760B12706931B006560BB /* Views */,
				7CB760B227069327006560BB /* Controllers */,
				7CB7604B27068FF1006560BB /* Files */,
				7CB7601B27068D9E006560BB /* AppDelegate.swift */,
				7CB7601D27068D9E006560BB /* SceneDelegate.swift */,
				7CB7602427068DA1006560BB /* Assets.xcassets */,
				7CB7602927068DA1006560BB /* Info.plist */,
			);
			path = App_WorldCup;
			sourceTree = "<group>";
		};
		7CB7603127068DA1006560BB /* App_WorldCupTests */ = {
			isa = PBXGroup;
			children = (
				7CB7603227068DA1006560BB /* App_WorldCupTests.swift */,
			);
			path = App_WorldCupTests;
			sourceTree = "<group>";
		};
		7CB7603B27068DA1006560BB /* App_WorldCupUITests */ = {
			isa = PBXGroup;
			children = (
				7CB7603C27068DA1006560BB /* App_WorldCupUITests.swift */,
				7CB7603E27068DA1006560BB /* App_WorldCupUITestsLaunchTests.swift */,
			);
			path = App_WorldCupUITests;
			sourceTree = "<group>";
		};
		7CB7604B27068FF1006560BB /* Files */ = {
			isa = PBXGroup;
			children = (
				7CB760AE27069022006560BB /* winners.json */,
				7CB7607527069016006560BB /* África do Sul.png */,
				7CB7605527069015006560BB /* Alemanha Ocidental.png */,
				7CB7607027069016006560BB /* Alemanha Oriental.png */,
				7CB7605827069015006560BB /* Alemanha.png */,
				7CB7607627069016006560BB /* Arábia Saudita.png */,
				7CB7607B27069016006560BB /* Argélia.png */,
				7CB7606027069015006560BB /* Argentina.png */,
				7CB7606D27069016006560BB /* Austrália.png */,
				7CB7607427069016006560BB /* Áustria.png */,
				7CB7605027069015006560BB /* Bélgica.png */,
				7CB7605E27069015006560BB /* Bolívia.png */,
				7CB7605327069015006560BB /* Brasil.png */,
				7CB7604D27069015006560BB /* Bulgária.png */,
				7CB7607227069016006560BB /* Camarões.png */,
				7CB7606927069016006560BB /* Chile.png */,
				7CB7607C27069016006560BB /* China.png */,
				7CB7606527069016006560BB /* Colômbia.png */,
				7CB7605A27069015006560BB /* Coréia do Sul.png */,
				7CB7607127069016006560BB /* Costa Rica.png */,
				7CB7606827069016006560BB /* Croácia.png */,
				7CB7604F27069015006560BB /* Dinamarca.png */,
				7CB7606727069016006560BB /* Emirados Árabes.png */,
				7CB7605727069015006560BB /* Espanha.png */,
				7CB7604E27069015006560BB /* Estados Unidos.png */,
				7CB7605427069015006560BB /* França.png */,
				7CB7607827069016006560BB /* Gana.png */,
				7CB7607927069016006560BB /* Holanda.png */,
				7CB7606A27069016006560BB /* Honduras.png */,
				7CB7607327069016006560BB /* Hungria.png */,
				7CB7606227069016006560BB /* Inglaterra.png */,
				7CB7605B27069015006560BB /* Itália.png */,
				7CB7606427069016006560BB /* Iugoslávia.png */,
				7CB7605627069015006560BB /* México.png */,
				7CB7607A27069016006560BB /* Noruega.png */,
				7CB7607727069016006560BB /* País de Gales.png */,
				7CB7606B27069016006560BB /* Paraguai.png */,
				7CB7606127069015006560BB /* Peru.png */,
				7CB7606E27069016006560BB /* Polônia.png */,
				7CB7605F27069015006560BB /* Portugal.png */,
				7CB7604C27069015006560BB /* República Tcheca.png */,
				7CB7606C27069016006560BB /* Romênia.png */,
				7CB7606627069016006560BB /* Rússia.png */,
				7CB7605927069015006560BB /* Suécia.png */,
				7CB7606327069016006560BB /* Suíça.png */,
				7CB7606F27069016006560BB /* Tchecoslováquia.png */,
				7CB7605C27069015006560BB /* Turquia.png */,
				7CB7605D27069015006560BB /* Ucrânia.png */,
				7CB7605227069015006560BB /* União Soviética.png */,
				7CB7605127069015006560BB /* Uruguai.png */,
			);
			path = Files;
			sourceTree = "<group>";
		};
		7CB760B02706930F006560BB /* Models */ = {
			isa = PBXGroup;
			children = (
				7CB760B7270693E3006560BB /* WorldCup.swift */,
			);
			path = Models;
			sourceTree = "<group>";
		};
		7CB760B12706931B006560BB /* Views */ = {
			isa = PBXGroup;
			children = (
				7CB7602627068DA1006560BB /* LaunchScreen.storyboard */,
				7CB7602127068D9E006560BB /* Main.storyboard */,
			);
			path = Views;
			sourceTree = "<group>";
		};
		7CB760B227069327006560BB /* Controllers */ = {
			isa = PBXGroup;
			children = (
				7CB760B32706939E006560BB /* WinnersTableViewController.swift */,
				7CB760B5270693B0006560BB /* WorldCupViewController.swift */,
			);
			path = Controllers;
			sourceTree = "<group>";
		};
/* End PBXGroup section */

/* Begin PBXNativeTarget section */
		7CB7601727068D9E006560BB /* App_WorldCup */ = {
			isa = PBXNativeTarget;
			buildConfigurationList = 7CB7604227068DA1006560BB /* Build configuration list for PBXNativeTarget "App_WorldCup" */;
			buildPhases = (
				7CB7601427068D9E006560BB /* Sources */,
				7CB7601527068D9E006560BB /* Frameworks */,
				7CB7601627068D9E006560BB /* Resources */,
			);
			buildRules = (
			);
			dependencies = (
			);
			name = App_WorldCup;
			productName = App_WorldCup;
			productReference = 7CB7601827068D9E006560BB /* App_WorldCup.app */;
			productType = "com.apple.product-type.application";
		};
		7CB7602D27068DA1006560BB /* App_WorldCupTests */ = {
			isa = PBXNativeTarget;
			buildConfigurationList = 7CB7604527068DA1006560BB /* Build configuration list for PBXNativeTarget "App_WorldCupTests" */;
			buildPhases = (
				7CB7602A27068DA1006560BB /* Sources */,
				7CB7602B27068DA1006560BB /* Frameworks */,
				7CB7602C27068DA1006560BB /* Resources */,
			);
			buildRules = (
			);
			dependencies = (
				7CB7603027068DA1006560BB /* PBXTargetDependency */,
			);
			name = App_WorldCupTests;
			productName = App_WorldCupTests;
			productReference = 7CB7602E27068DA1006560BB /* App_WorldCupTests.xctest */;
			productType = "com.apple.product-type.bundle.unit-test";
		};
		7CB7603727068DA1006560BB /* App_WorldCupUITests */ = {
			isa = PBXNativeTarget;
			buildConfigurationList = 7CB7604827068DA1006560BB /* Build configuration list for PBXNativeTarget "App_WorldCupUITests" */;
			buildPhases = (
				7CB7603427068DA1006560BB /* Sources */,
				7CB7603527068DA1006560BB /* Frameworks */,
				7CB7603627068DA1006560BB /* Resources */,
			);
			buildRules = (
			);
			dependencies = (
				7CB7603A27068DA1006560BB /* PBXTargetDependency */,
			);
			name = App_WorldCupUITests;
			productName = App_WorldCupUITests;
			productReference = 7CB7603827068DA1006560BB /* App_WorldCupUITests.xctest */;
			productType = "com.apple.product-type.bundle.ui-testing";
		};
/* End PBXNativeTarget section */

/* Begin PBXProject section */
		7CB7601027068D9E006560BB /* Project object */ = {
			isa = PBXProject;
			attributes = {
				BuildIndependentTargetsInParallel = 1;
				LastSwiftUpdateCheck = 1300;
				LastUpgradeCheck = 1300;
				TargetAttributes = {
					7CB7601727068D9E006560BB = {
						CreatedOnToolsVersion = 13.0;
					};
					7CB7602D27068DA1006560BB = {
						CreatedOnToolsVersion = 13.0;
						TestTargetID = 7CB7601727068D9E006560BB;
					};
					7CB7603727068DA1006560BB = {
						CreatedOnToolsVersion = 13.0;
						TestTargetID = 7CB7601727068D9E006560BB;
					};
				};
			};
			buildConfigurationList = 7CB7601327068D9E006560BB /* Build configuration list for PBXProject "App_WorldCup" */;
			compatibilityVersion = "Xcode 13.0";
			developmentRegion = en;
			hasScannedForEncodings = 0;
			knownRegions = (
				en,
				Base,
			);
			mainGroup = 7CB7600F27068D9E006560BB;
			productRefGroup = 7CB7601927068D9E006560BB /* Products */;
			projectDirPath = "";
			projectRoot = "";
			targets = (
				7CB7601727068D9E006560BB /* App_WorldCup */,
				7CB7602D27068DA1006560BB /* App_WorldCupTests */,
				7CB7603727068DA1006560BB /* App_WorldCupUITests */,
			);
		};
/* End PBXProject section */

/* Begin PBXResourcesBuildPhase section */
		7CB7601627068D9E006560BB /* Resources */ = {
			isa = PBXResourcesBuildPhase;
			buildActionMask = 2147483647;
			files = (
				7CB7608C27069016006560BB /* Itália.png in Resources */,
				7CB7609427069016006560BB /* Suíça.png in Resources */,
				7CB760A327069016006560BB /* Camarões.png in Resources */,
				7CB760AD27069016006560BB /* China.png in Resources */,
				7CB760AB27069016006560BB /* Noruega.png in Resources */,
				7CB7608D27069016006560BB /* Turquia.png in Resources */,
				7CB7608527069016006560BB /* França.png in Resources */,
				7CB7609027069016006560BB /* Portugal.png in Resources */,
				7CB760A127069016006560BB /* Alemanha Oriental.png in Resources */,
				7CB7608627069016006560BB /* Alemanha Ocidental.png in Resources */,
				7CB7608027069016006560BB /* Dinamarca.png in Resources */,
				7CB7609527069016006560BB /* Iugoslávia.png in Resources */,
				7CB7608227069016006560BB /* Uruguai.png in Resources */,
				7CB7609C27069016006560BB /* Paraguai.png in Resources */,
				7CB760A227069016006560BB /* Costa Rica.png in Resources */,
				7CB7608A27069016006560BB /* Suécia.png in Resources */,
				7CB7607D27069016006560BB /* República Tcheca.png in Resources */,
				7CB7609127069016006560BB /* Argentina.png in Resources */,
				7CB7608827069016006560BB /* Espanha.png in Resources */,
				7CB7608927069016006560BB /* Alemanha.png in Resources */,
				7CB760A927069016006560BB /* Gana.png in Resources */,
				7CB7607E27069016006560BB /* Bulgária.png in Resources */,
				7CB7607F27069016006560BB /* Estados Unidos.png in Resources */,
				7CB7609A27069016006560BB /* Chile.png in Resources */,
				7C8E372527078C6A00FBE5F7 /* winners.json in Resources */,
				7CB7608327069016006560BB /* União Soviética.png in Resources */,
				7CB7608727069016006560BB /* México.png in Resources */,
				7CB7609927069016006560BB /* Croácia.png in Resources */,
				7CB760AC27069016006560BB /* Argélia.png in Resources */,
				7CB7602827068DA1006560BB /* LaunchScreen.storyboard in Resources */,
				7CB760A627069016006560BB /* África do Sul.png in Resources */,
				7CB7602527068DA1006560BB /* Assets.xcassets in Resources */,
				7CB7609F27069016006560BB /* Polônia.png in Resources */,
				7CB7608427069016006560BB /* Brasil.png in Resources */,
				7CB7609D27069016006560BB /* Romênia.png in Resources */,
				7CB760A827069016006560BB /* País de Gales.png in Resources */,
				7CB7602327068D9E006560BB /* Main.storyboard in Resources */,
				7CB7609327069016006560BB /* Inglaterra.png in Resources */,
				7CB760A727069016006560BB /* Arábia Saudita.png in Resources */,
				7CB7609E27069016006560BB /* Austrália.png in Resources */,
				7CB7608F27069016006560BB /* Bolívia.png in Resources */,
				7CB760A527069016006560BB /* Áustria.png in Resources */,
				7CB760A427069016006560BB /* Hungria.png in Resources */,
				7CB7609727069016006560BB /* Rússia.png in Resources */,
				7CB760AA27069016006560BB /* Holanda.png in Resources */,
				7CB7609B27069016006560BB /* Honduras.png in Resources */,
				7CB760A027069016006560BB /* Tchecoslováquia.png in Resources */,
				7CB7609827069016006560BB /* Emirados Árabes.png in Resources */,
				7CB7608E27069016006560BB /* Ucrânia.png in Resources */,
				7CB7609627069016006560BB /* Colômbia.png in Resources */,
				7CB7609227069016006560BB /* Peru.png in Resources */,
				7CB7608B27069016006560BB /* Coréia do Sul.png in Resources */,
				7CB7608127069016006560BB /* Bélgica.png in Resources */,
			);
			runOnlyForDeploymentPostprocessing = 0;
		};
		7CB7602C27068DA1006560BB /* Resources */ = {
			isa = PBXResourcesBuildPhase;
			buildActionMask = 2147483647;
			files = (
			);
			runOnlyForDeploymentPostprocessing = 0;
		};
		7CB7603627068DA1006560BB /* Resources */ = {
			isa = PBXResourcesBuildPhase;
			buildActionMask = 2147483647;
			files = (
			);
			runOnlyForDeploymentPostprocessing = 0;
		};
/* End PBXResourcesBuildPhase section */

/* Begin PBXSourcesBuildPhase section */
		7CB7601427068D9E006560BB /* Sources */ = {
			isa = PBXSourcesBuildPhase;
			buildActionMask = 2147483647;
			files = (
				7CB760B42706939E006560BB /* WinnersTableViewController.swift in Sources */,
				7CB7601C27068D9E006560BB /* AppDelegate.swift in Sources */,
				7CB760B8270693E3006560BB /* WorldCup.swift in Sources */,
				7CB760B6270693B0006560BB /* WorldCupViewController.swift in Sources */,
				7CB7601E27068D9E006560BB /* SceneDelegate.swift in Sources */,
			);
			runOnlyForDeploymentPostprocessing = 0;
		};
		7CB7602A27068DA1006560BB /* Sources */ = {
			isa = PBXSourcesBuildPhase;
			buildActionMask = 2147483647;
			files = (
				7CB7603327068DA1006560BB /* App_WorldCupTests.swift in Sources */,
			);
			runOnlyForDeploymentPostprocessing = 0;
		};
		7CB7603427068DA1006560BB /* Sources */ = {
			isa = PBXSourcesBuildPhase;
			buildActionMask = 2147483647;
			files = (
				7CB7603F27068DA1006560BB /* App_WorldCupUITestsLaunchTests.swift in Sources */,
				7CB7603D27068DA1006560BB /* App_WorldCupUITests.swift in Sources */,
			);
			runOnlyForDeploymentPostprocessing = 0;
		};
/* End PBXSourcesBuildPhase section */

/* Begin PBXTargetDependency section */
		7CB7603027068DA1006560BB /* PBXTargetDependency */ = {
			isa = PBXTargetDependency;
			target = 7CB7601727068D9E006560BB /* App_WorldCup */;
			targetProxy = 7CB7602F27068DA1006560BB /* PBXContainerItemProxy */;
		};
		7CB7603A27068DA1006560BB /* PBXTargetDependency */ = {
			isa = PBXTargetDependency;
			target = 7CB7601727068D9E006560BB /* App_WorldCup */;
			targetProxy = 7CB7603927068DA1006560BB /* PBXContainerItemProxy */;
		};
/* End PBXTargetDependency section */

/* Begin PBXVariantGroup section */
		7CB7602127068D9E006560BB /* Main.storyboard */ = {
			isa = PBXVariantGroup;
			children = (
				7CB7602227068D9E006560BB /* Base */,
			);
			name = Main.storyboard;
			sourceTree = "<group>";
		};
		7CB7602627068DA1006560BB /* LaunchScreen.storyboard */ = {
			isa = PBXVariantGroup;
			children = (
				7CB7602727068DA1006560BB /* Base */,
			);
			name = LaunchScreen.storyboard;
			sourceTree = "<group>";
		};
/* End PBXVariantGroup section */

/* Begin XCBuildConfiguration section */
		7CB7604027068DA1006560BB /* Debug */ = {
			isa = XCBuildConfiguration;
			buildSettings = {
				ALWAYS_SEARCH_USER_PATHS = NO;
				CLANG_ANALYZER_NONNULL = YES;
				CLANG_ANALYZER_NUMBER_OBJECT_CONVERSION = YES_AGGRESSIVE;
				CLANG_CXX_LANGUAGE_STANDARD = "gnu++17";
				CLANG_CXX_LIBRARY = "libc++";
				CLANG_ENABLE_MODULES = YES;
				CLANG_ENABLE_OBJC_ARC = YES;
				CLANG_ENABLE_OBJC_WEAK = YES;
				CLANG_WARN_BLOCK_CAPTURE_AUTORELEASING = YES;
				CLANG_WARN_BOOL_CONVERSION = YES;
				CLANG_WARN_COMMA = YES;
				CLANG_WARN_CONSTANT_CONVERSION = YES;
				CLANG_WARN_DEPRECATED_OBJC_IMPLEMENTATIONS = YES;
				CLANG_WARN_DIRECT_OBJC_ISA_USAGE = YES_ERROR;
				CLANG_WARN_DOCUMENTATION_COMMENTS = YES;
				CLANG_WARN_EMPTY_BODY = YES;
				CLANG_WARN_ENUM_CONVERSION = YES;
				CLANG_WARN_INFINITE_RECURSION = YES;
				CLANG_WARN_INT_CONVERSION = YES;
				CLANG_WARN_NON_LITERAL_NULL_CONVERSION = YES;
				CLANG_WARN_OBJC_IMPLICIT_RETAIN_SELF = YES;
				CLANG_WARN_OBJC_LITERAL_CONVERSION = YES;
				CLANG_WARN_OBJC_ROOT_CLASS = YES_ERROR;
				CLANG_WARN_QUOTED_INCLUDE_IN_FRAMEWORK_HEADER = YES;
				CLANG_WARN_RANGE_LOOP_ANALYSIS = YES;
				CLANG_WARN_STRICT_PROTOTYPES = YES;
				CLANG_WARN_SUSPICIOUS_MOVE = YES;
				CLANG_WARN_UNGUARDED_AVAILABILITY = YES_AGGRESSIVE;
				CLANG_WARN_UNREACHABLE_CODE = YES;
				CLANG_WARN__DUPLICATE_METHOD_MATCH = YES;
				COPY_PHASE_STRIP = NO;
				DEBUG_INFORMATION_FORMAT = dwarf;
				ENABLE_STRICT_OBJC_MSGSEND = YES;
				ENABLE_TESTABILITY = YES;
				GCC_C_LANGUAGE_STANDARD = gnu11;
				GCC_DYNAMIC_NO_PIC = NO;
				GCC_NO_COMMON_BLOCKS = YES;
				GCC_OPTIMIZATION_LEVEL = 0;
				GCC_PREPROCESSOR_DEFINITIONS = (
					"DEBUG=1",
					"$(inherited)",
				);
				GCC_WARN_64_TO_32_BIT_CONVERSION = YES;
				GCC_WARN_ABOUT_RETURN_TYPE = YES_ERROR;
				GCC_WARN_UNDECLARED_SELECTOR = YES;
				GCC_WARN_UNINITIALIZED_AUTOS = YES_AGGRESSIVE;
				GCC_WARN_UNUSED_FUNCTION = YES;
				GCC_WARN_UNUSED_VARIABLE = YES;
				IPHONEOS_DEPLOYMENT_TARGET = 15.0;
				MTL_ENABLE_DEBUG_INFO = INCLUDE_SOURCE;
				MTL_FAST_MATH = YES;
				ONLY_ACTIVE_ARCH = YES;
				SDKROOT = iphoneos;
				SWIFT_ACTIVE_COMPILATION_CONDITIONS = DEBUG;
				SWIFT_OPTIMIZATION_LEVEL = "-Onone";
			};
			name = Debug;
		};
		7CB7604127068DA1006560BB /* Release */ = {
			isa = XCBuildConfiguration;
			buildSettings = {
				ALWAYS_SEARCH_USER_PATHS = NO;
				CLANG_ANALYZER_NONNULL = YES;
				CLANG_ANALYZER_NUMBER_OBJECT_CONVERSION = YES_AGGRESSIVE;
				CLANG_CXX_LANGUAGE_STANDARD = "gnu++17";
				CLANG_CXX_LIBRARY = "libc++";
				CLANG_ENABLE_MODULES = YES;
				CLANG_ENABLE_OBJC_ARC = YES;
				CLANG_ENABLE_OBJC_WEAK = YES;
				CLANG_WARN_BLOCK_CAPTURE_AUTORELEASING = YES;
				CLANG_WARN_BOOL_CONVERSION = YES;
				CLANG_WARN_COMMA = YES;
				CLANG_WARN_CONSTANT_CONVERSION = YES;
				CLANG_WARN_DEPRECATED_OBJC_IMPLEMENTATIONS = YES;
				CLANG_WARN_DIRECT_OBJC_ISA_USAGE = YES_ERROR;
				CLANG_WARN_DOCUMENTATION_COMMENTS = YES;
				CLANG_WARN_EMPTY_BODY = YES;
				CLANG_WARN_ENUM_CONVERSION = YES;
				CLANG_WARN_INFINITE_RECURSION = YES;
				CLANG_WARN_INT_CONVERSION = YES;
				CLANG_WARN_NON_LITERAL_NULL_CONVERSION = YES;
				CLANG_WARN_OBJC_IMPLICIT_RETAIN_SELF = YES;
				CLANG_WARN_OBJC_LITERAL_CONVERSION = YES;
				CLANG_WARN_OBJC_ROOT_CLASS = YES_ERROR;
				CLANG_WARN_QUOTED_INCLUDE_IN_FRAMEWORK_HEADER = YES;
				CLANG_WARN_RANGE_LOOP_ANALYSIS = YES;
				CLANG_WARN_STRICT_PROTOTYPES = YES;
				CLANG_WARN_SUSPICIOUS_MOVE = YES;
				CLANG_WARN_UNGUARDED_AVAILABILITY = YES_AGGRESSIVE;
				CLANG_WARN_UNREACHABLE_CODE = YES;
				CLANG_WARN__DUPLICATE_METHOD_MATCH = YES;
				COPY_PHASE_STRIP = NO;
				DEBUG_INFORMATION_FORMAT = "dwarf-with-dsym";
				ENABLE_NS_ASSERTIONS = NO;
				ENABLE_STRICT_OBJC_MSGSEND = YES;
				GCC_C_LANGUAGE_STANDARD = gnu11;
				GCC_NO_COMMON_BLOCKS = YES;
				GCC_WARN_64_TO_32_BIT_CONVERSION = YES;
				GCC_WARN_ABOUT_RETURN_TYPE = YES_ERROR;
				GCC_WARN_UNDECLARED_SELECTOR = YES;
				GCC_WARN_UNINITIALIZED_AUTOS = YES_AGGRESSIVE;
				GCC_WARN_UNUSED_FUNCTION = YES;
				GCC_WARN_UNUSED_VARIABLE = YES;
				IPHONEOS_DEPLOYMENT_TARGET = 15.0;
				MTL_ENABLE_DEBUG_INFO = NO;
				MTL_FAST_MATH = YES;
				SDKROOT = iphoneos;
				SWIFT_COMPILATION_MODE = wholemodule;
				SWIFT_OPTIMIZATION_LEVEL = "-O";
				VALIDATE_PRODUCT = YES;
			};
			name = Release;
		};
		7CB7604327068DA1006560BB /* Debug */ = {
			isa = XCBuildConfiguration;
			buildSettings = {
				ASSETCATALOG_COMPILER_APPICON_NAME = AppIcon;
				ASSETCATALOG_COMPILER_GLOBAL_ACCENT_COLOR_NAME = AccentColor;
				CODE_SIGN_STYLE = Automatic;
				CURRENT_PROJECT_VERSION = 1;
				DEVELOPMENT_TEAM = 9Y3YYN3XLN;
				GENERATE_INFOPLIST_FILE = YES;
				INFOPLIST_FILE = App_WorldCup/Info.plist;
				INFOPLIST_KEY_UIApplicationSupportsIndirectInputEvents = YES;
				INFOPLIST_KEY_UILaunchStoryboardName = LaunchScreen;
				INFOPLIST_KEY_UIMainStoryboardFile = Main;
				INFOPLIST_KEY_UISupportedInterfaceOrientations_iPad = "UIInterfaceOrientationPortrait UIInterfaceOrientationPortraitUpsideDown UIInterfaceOrientationLandscapeLeft UIInterfaceOrientationLandscapeRight";
				INFOPLIST_KEY_UISupportedInterfaceOrientations_iPhone = "UIInterfaceOrientationPortrait UIInterfaceOrientationLandscapeLeft UIInterfaceOrientationLandscapeRight";
				LD_RUNPATH_SEARCH_PATHS = (
					"$(inherited)",
					"@executable_path/Frameworks",
				);
				MARKETING_VERSION = 1.0;
				PRODUCT_BUNDLE_IDENTIFIER = "br.com.kaique.App-WorldCup";
				PRODUCT_NAME = "$(TARGET_NAME)";
				SWIFT_EMIT_LOC_STRINGS = YES;
				SWIFT_VERSION = 5.0;
				TARGETED_DEVICE_FAMILY = "1,2";
			};
			name = Debug;
		};
		7CB7604427068DA1006560BB /* Release */ = {
			isa = XCBuildConfiguration;
			buildSettings = {
				ASSETCATALOG_COMPILER_APPICON_NAME = AppIcon;
				ASSETCATALOG_COMPILER_GLOBAL_ACCENT_COLOR_NAME = AccentColor;
				CODE_SIGN_STYLE = Automatic;
				CURRENT_PROJECT_VERSION = 1;
				DEVELOPMENT_TEAM = 9Y3YYN3XLN;
				GENERATE_INFOPLIST_FILE = YES;
				INFOPLIST_FILE = App_WorldCup/Info.plist;
				INFOPLIST_KEY_UIApplicationSupportsIndirectInputEvents = YES;
				INFOPLIST_KEY_UILaunchStoryboardName = LaunchScreen;
				INFOPLIST_KEY_UIMainStoryboardFile = Main;
				INFOPLIST_KEY_UISupportedInterfaceOrientations_iPad = "UIInterfaceOrientationPortrait UIInterfaceOrientationPortraitUpsideDown UIInterfaceOrientationLandscapeLeft UIInterfaceOrientationLandscapeRight";
				INFOPLIST_KEY_UISupportedInterfaceOrientations_iPhone = "UIInterfaceOrientationPortrait UIInterfaceOrientationLandscapeLeft UIInterfaceOrientationLandscapeRight";
				LD_RUNPATH_SEARCH_PATHS = (
					"$(inherited)",
					"@executable_path/Frameworks",
				);
				MARKETING_VERSION = 1.0;
				PRODUCT_BUNDLE_IDENTIFIER = "br.com.kaique.App-WorldCup";
				PRODUCT_NAME = "$(TARGET_NAME)";
				SWIFT_EMIT_LOC_STRINGS = YES;
				SWIFT_VERSION = 5.0;
				TARGETED_DEVICE_FAMILY = "1,2";
			};
			name = Release;
		};
		7CB7604627068DA1006560BB /* Debug */ = {
			isa = XCBuildConfiguration;
			buildSettings = {
				ALWAYS_EMBED_SWIFT_STANDARD_LIBRARIES = YES;
				BUNDLE_LOADER = "$(TEST_HOST)";
				CODE_SIGN_STYLE = Automatic;
				CURRENT_PROJECT_VERSION = 1;
				DEVELOPMENT_TEAM = 9Y3YYN3XLN;
				GENERATE_INFOPLIST_FILE = YES;
				IPHONEOS_DEPLOYMENT_TARGET = 15.0;
				LD_RUNPATH_SEARCH_PATHS = (
					"$(inherited)",
					"@executable_path/Frameworks",
					"@loader_path/Frameworks",
				);
				MARKETING_VERSION = 1.0;
				PRODUCT_BUNDLE_IDENTIFIER = "br.com.kaique.App-WorldCupTests";
				PRODUCT_NAME = "$(TARGET_NAME)";
				SWIFT_EMIT_LOC_STRINGS = NO;
				SWIFT_VERSION = 5.0;
				TARGETED_DEVICE_FAMILY = "1,2";
				TEST_HOST = "$(BUILT_PRODUCTS_DIR)/App_WorldCup.app/App_WorldCup";
			};
			name = Debug;
		};
		7CB7604727068DA1006560BB /* Release */ = {
			isa = XCBuildConfiguration;
			buildSettings = {
				ALWAYS_EMBED_SWIFT_STANDARD_LIBRARIES = YES;
				BUNDLE_LOADER = "$(TEST_HOST)";
				CODE_SIGN_STYLE = Automatic;
				CURRENT_PROJECT_VERSION = 1;
				DEVELOPMENT_TEAM = 9Y3YYN3XLN;
				GENERATE_INFOPLIST_FILE = YES;
				IPHONEOS_DEPLOYMENT_TARGET = 15.0;
				LD_RUNPATH_SEARCH_PATHS = (
					"$(inherited)",
					"@executable_path/Frameworks",
					"@loader_path/Frameworks",
				);
				MARKETING_VERSION = 1.0;
				PRODUCT_BUNDLE_IDENTIFIER = "br.com.kaique.App-WorldCupTests";
				PRODUCT_NAME = "$(TARGET_NAME)";
				SWIFT_EMIT_LOC_STRINGS = NO;
				SWIFT_VERSION = 5.0;
				TARGETED_DEVICE_FAMILY = "1,2";
				TEST_HOST = "$(BUILT_PRODUCTS_DIR)/App_WorldCup.app/App_WorldCup";
			};
			name = Release;
		};
		7CB7604927068DA1006560BB /* Debug */ = {
			isa = XCBuildConfiguration;
			buildSettings = {
				ALWAYS_EMBED_SWIFT_STANDARD_LIBRARIES = YES;
				CODE_SIGN_STYLE = Automatic;
				CURRENT_PROJECT_VERSION = 1;
				DEVELOPMENT_TEAM = 9Y3YYN3XLN;
				GENERATE_INFOPLIST_FILE = YES;
				LD_RUNPATH_SEARCH_PATHS = (
					"$(inherited)",
					"@executable_path/Frameworks",
					"@loader_path/Frameworks",
				);
				MARKETING_VERSION = 1.0;
				PRODUCT_BUNDLE_IDENTIFIER = "br.com.kaique.App-WorldCupUITests";
				PRODUCT_NAME = "$(TARGET_NAME)";
				SWIFT_EMIT_LOC_STRINGS = NO;
				SWIFT_VERSION = 5.0;
				TARGETED_DEVICE_FAMILY = "1,2";
				TEST_TARGET_NAME = App_WorldCup;
			};
			name = Debug;
		};
		7CB7604A27068DA1006560BB /* Release */ = {
			isa = XCBuildConfiguration;
			buildSettings = {
				ALWAYS_EMBED_SWIFT_STANDARD_LIBRARIES = YES;
				CODE_SIGN_STYLE = Automatic;
				CURRENT_PROJECT_VERSION = 1;
				DEVELOPMENT_TEAM = 9Y3YYN3XLN;
				GENERATE_INFOPLIST_FILE = YES;
				LD_RUNPATH_SEARCH_PATHS = (
					"$(inherited)",
					"@executable_path/Frameworks",
					"@loader_path/Frameworks",
				);
				MARKETING_VERSION = 1.0;
				PRODUCT_BUNDLE_IDENTIFIER = "br.com.kaique.App-WorldCupUITests";
				PRODUCT_NAME = "$(TARGET_NAME)";
				SWIFT_EMIT_LOC_STRINGS = NO;
				SWIFT_VERSION = 5.0;
				TARGETED_DEVICE_FAMILY = "1,2";
				TEST_TARGET_NAME = App_WorldCup;
			};
			name = Release;
		};
/* End XCBuildConfiguration section */

/* Begin XCConfigurationList section */
		7CB7601327068D9E006560BB /* Build configuration list for PBXProject "App_WorldCup" */ = {
			isa = XCConfigurationList;
			buildConfigurations = (
				7CB7604027068DA1006560BB /* Debug */,
				7CB7604127068DA1006560BB /* Release */,
			);
			defaultConfigurationIsVisible = 0;
			defaultConfigurationName = Release;
		};
		7CB7604227068DA1006560BB /* Build configuration list for PBXNativeTarget "App_WorldCup" */ = {
			isa = XCConfigurationList;
			buildConfigurations = (
				7CB7604327068DA1006560BB /* Debug */,
				7CB7604427068DA1006560BB /* Release */,
			);
			defaultConfigurationIsVisible = 0;
			defaultConfigurationName = Release;
		};
		7CB7604527068DA1006560BB /* Build configuration list for PBXNativeTarget "App_WorldCupTests" */ = {
			isa = XCConfigurationList;
			buildConfigurations = (
				7CB7604627068DA1006560BB /* Debug */,
				7CB7604727068DA1006560BB /* Release */,
			);
			defaultConfigurationIsVisible = 0;
			defaultConfigurationName = Release;
		};
		7CB7604827068DA1006560BB /* Build configuration list for PBXNativeTarget "App_WorldCupUITests" */ = {
			isa = XCConfigurationList;
			buildConfigurations = (
				7CB7604927068DA1006560BB /* Debug */,
				7CB7604A27068DA1006560BB /* Release */,
			);
			defaultConfigurationIsVisible = 0;
			defaultConfigurationName = Release;
		};
/* End XCConfigurationList section */
	};
	rootObject = 7CB7601027068D9E006560BB /* Project object */;
}
